
Microsoft Visual Studio Solution File, Format Version 12.00
# Visual Studio Version 17
VisualStudioVersion = 17.9.34723.18
MinimumVisualStudioVersion = 10.0.40219.1
Project("{FAE04EC0-301F-11D3-BF4B-00C04F79EFBC}") = "csharp-convert-cast", "csharp-convert-cast\csharp-convert-cast.csproj", "{AAE90818-90BF-481C-9B87-EA99BAA80635}"
EndProject
Global
	GlobalSection(SolutionConfigurationPlatforms) = preSolution
		Debug|Any CPU = Debug|Any CPU
		Release|Any CPU = Release|Any CPU
	EndGlobalSection
	GlobalSection(ProjectConfigurationPlatforms) = postSolution
		{AAE90818-90BF-481C-9B87-EA99BAA80635}.Debug|Any CPU.ActiveCfg = Debug|Any CPU
		{AAE90818-90BF-481C-9B87-EA99BAA80635}.Debug|Any CPU.Build.0 = Debug|Any CPU
		{AAE90818-90BF-481C-9B87-EA99BAA80635}.Release|Any CPU.ActiveCfg = Release|Any CPU
		{AAE90818-90BF-481C-9B87-EA99BAA80635}.Release|Any CPU.Build.0 = Release|Any CPU
	EndGlobalSection
	GlobalSection(SolutionProperties) = preSolution
		HideSolutionNode = FALSE
	EndGlobalSection
	GlobalSection(ExtensibilityGlobals) = postSolution
		SolutionGuid = {4AF59985-B6A3-4AF2-80CA-E7F28BA77901}
	EndGlobalSection
EndGlobal
