
Microsoft Visual Studio Solution File, Format Version 12.00
# Visual Studio Version 17
VisualStudioVersion = 17.9.34723.18
MinimumVisualStudioVersion = 10.0.40219.1
Project("{FAE04EC0-301F-11D3-BF4B-00C04F79EFBC}") = "Value&Reference_type_Parameters", "Value&Reference_type_Parameters\Value&Reference_type_Parameters.csproj", "{1AA1F821-B182-45C9-9761-11D077AE7410}"
EndProject
Global
	GlobalSection(SolutionConfigurationPlatforms) = preSolution
		Debug|Any CPU = Debug|Any CPU
		Release|Any CPU = Release|Any CPU
	EndGlobalSection
	GlobalSection(ProjectConfigurationPlatforms) = postSolution
		{1AA1F821-B182-45C9-9761-11D077AE7410}.Debug|Any CPU.ActiveCfg = Debug|Any CPU
		{1AA1F821-B182-45C9-9761-11D077AE7410}.Debug|Any CPU.Build.0 = Debug|Any CPU
		{1AA1F821-B182-45C9-9761-11D077AE7410}.Release|Any CPU.ActiveCfg = Release|Any CPU
		{1AA1F821-B182-45C9-9761-11D077AE7410}.Release|Any CPU.Build.0 = Release|Any CPU
	EndGlobalSection
	GlobalSection(SolutionProperties) = preSolution
		HideSolutionNode = FALSE
	EndGlobalSection
	GlobalSection(ExtensibilityGlobals) = postSolution
		SolutionGuid = {2359DD65-A3EE-4C25-8D7C-219A089D9E55}
	EndGlobalSection
EndGlobal
